// !$*UTF8*$!
{
	archiveVersion = 1;
	classes = {
	};
	objectVersion = 50;
	objects = {

/* Begin PBXBuildFile section */
		C6B78A4925883D21002B6F7C /* AppDelegate.m in Sources */ = {isa = PBXBuildFile; fileRef = C6B78A4825883D21002B6F7C /* AppDelegate.m */; };
		C6B78A4C25883D21002B6F7C /* SceneDelegate.m in Sources */ = {isa = PBXBuildFile; fileRef = C6B78A4B25883D21002B6F7C /* SceneDelegate.m */; };
		C6B78A4F25883D21002B6F7C /* ViewController.m in Sources */ = {isa = PBXBuildFile; fileRef = C6B78A4E25883D21002B6F7C /* ViewController.m */; };
		C6B78A5225883D21002B6F7C /* Main.storyboard in Resources */ = {isa = PBXBuildFile; fileRef = C6B78A5025883D21002B6F7C /* Main.storyboard */; };
		C6B78A5425883D24002B6F7C /* Assets.xcassets in Resources */ = {isa = PBXBuildFile; fileRef = C6B78A5325883D24002B6F7C /* Assets.xcassets */; };
		C6B78A5725883D24002B6F7C /* LaunchScreen.storyboard in Resources */ = {isa = PBXBuildFile; fileRef = C6B78A5525883D24002B6F7C /* LaunchScreen.storyboard */; };
		C6B78A5A25883D24002B6F7C /* main.m in Sources */ = {isa = PBXBuildFile; fileRef = C6B78A5925883D24002B6F7C /* main.m */; };
/* End PBXBuildFile section */

/* Begin PBXFileReference section */
		C6B78A4425883D21002B6F7C /* TestTableViewGrow.app */ = {isa = PBXFileReference; explicitFileType = wrapper.application; includeInIndex = 0; path = TestTableViewGrow.app; sourceTree = BUILT_PRODUCTS_DIR; };
		C6B78A4725883D21002B6F7C /* AppDelegate.h */ = {isa = PBXFileReference; lastKnownFileType = sourcecode.c.h; path = AppDelegate.h; sourceTree = "<group>"; };
		C6B78A4825883D21002B6F7C /* AppDelegate.m */ = {isa = PBXFileReference; lastKnownFileType = sourcecode.c.objc; path = AppDelegate.m; sourceTree = "<group>"; };
		C6B78A4A25883D21002B6F7C /* SceneDelegate.h */ = {isa = PBXFileReference; lastKnownFileType = sourcecode.c.h; path = SceneDelegate.h; sourceTree = "<group>"; };
		C6B78A4B25883D21002B6F7C /* SceneDelegate.m */ = {isa = PBXFileReference; lastKnownFileType = sourcecode.c.objc; path = SceneDelegate.m; sourceTree = "<group>"; };
		C6B78A4D25883D21002B6F7C /* ViewController.h */ = {isa = PBXFileReference; lastKnownFileType = sourcecode.c.h; path = ViewController.h; sourceTree = "<group>"; };
		C6B78A4E25883D21002B6F7C /* ViewController.m */ = {isa = PBXFileReference; lastKnownFileType = sourcecode.c.objc; path = ViewController.m; sourceTree = "<group>"; };
		C6B78A5125883D21002B6F7C /* Base */ = {isa = PBXFileReference; lastKnownFileType = file.storyboard; name = Base; path = Base.lproj/Main.storyboard; sourceTree = "<group>"; };
		C6B78A5325883D24002B6F7C /* Assets.xcassets */ = {isa = PBXFileReference; lastKnownFileType = folder.assetcatalog; path = Assets.xcassets; sourceTree = "<group>"; };
		C6B78A5625883D24002B6F7C /* Base */ = {isa = PBXFileReference; lastKnownFileType = file.storyboard; name = Base; path = Base.lproj/LaunchScreen.storyboard; sourceTree = "<group>"; };
		C6B78A5825883D24002B6F7C /* Info.plist */ = {isa = PBXFileReference; lastKnownFileType = text.plist.xml; path = Info.plist; sourceTree = "<group>"; };
		C6B78A5925883D24002B6F7C /* main.m */ = {isa = PBXFileReference; lastKnownFileType = sourcecode.c.objc; path = main.m; sourceTree = "<group>"; };
/* End PBXFileReference section */

/* Begin PBXFrameworksBuildPhase section */
		C6B78A4125883D21002B6F7C /* Frameworks */ = {
			isa = PBXFrameworksBuildPhase;
			buildActionMask = 2147483647;
			files = (
			);
			runOnlyForDeploymentPostprocessing = 0;
		};
/* End PBXFrameworksBuildPhase section */

/* Begin PBXGroup section */
		C6B78A3B25883D21002B6F7C = {
			isa = PBXGroup;
			children = (
				C6B78A4625883D21002B6F7C /* TestTableViewGrow */,
				C6B78A4525883D21002B6F7C /* Products */,
			);
			sourceTree = "<group>";
		};
		C6B78A4525883D21002B6F7C /* Products */ = {
			isa = PBXGroup;
			children = (
				C6B78A4425883D21002B6F7C /* TestTableViewGrow.app */,
			);
			name = Products;
			sourceTree = "<group>";
		};
		C6B78A4625883D21002B6F7C /* TestTableViewGrow */ = {
			isa = PBXGroup;
			children = (
				C6B78A4725883D21002B6F7C /* AppDelegate.h */,
				C6B78A4825883D21002B6F7C /* AppDelegate.m */,
				C6B78A4A25883D21002B6F7C /* SceneDelegate.h */,
				C6B78A4B25883D21002B6F7C /* SceneDelegate.m */,
				C6B78A4D25883D21002B6F7C /* ViewController.h */,
				C6B78A4E25883D21002B6F7C /* ViewController.m */,
				C6B78A5025883D21002B6F7C /* Main.storyboard */,
				C6B78A5325883D24002B6F7C /* Assets.xcassets */,
				C6B78A5525883D24002B6F7C /* LaunchScreen.storyboard */,
				C6B78A5825883D24002B6F7C /* Info.plist */,
				C6B78A5925883D24002B6F7C /* main.m */,
			);
			path = TestTableViewGrow;
			sourceTree = "<group>";
		};
/* End PBXGroup section */

/* Begin PBXNativeTarget section */
		C6B78A4325883D21002B6F7C /* TestTableViewGrow */ = {
			isa = PBXNativeTarget;
			buildConfigurationList = C6B78A5D25883D24002B6F7C /* Build configuration list for PBXNativeTarget "TestTableViewGrow" */;
			buildPhases = (
				C6B78A4025883D21002B6F7C /* Sources */,
				C6B78A4125883D21002B6F7C /* Frameworks */,
				C6B78A4225883D21002B6F7C /* Resources */,
			);
			buildRules = (
			);
			dependencies = (
			);
			name = TestTableViewGrow;
			productName = TestTableViewGrow;
			productReference = C6B78A4425883D21002B6F7C /* TestTableViewGrow.app */;
			productType = "com.apple.product-type.application";
		};
/* End PBXNativeTarget section */

/* Begin PBXProject section */
		C6B78A3C25883D21002B6F7C /* Project object */ = {
			isa = PBXProject;
			attributes = {
				LastUpgradeCheck = 1220;
				TargetAttributes = {
					C6B78A4325883D21002B6F7C = {
						CreatedOnToolsVersion = 12.2;
					};
				};
			};
			buildConfigurationList = C6B78A3F25883D21002B6F7C /* Build configuration list for PBXProject "TestTableViewGrow" */;
			compatibilityVersion = "Xcode 9.3";
			developmentRegion = en;
			hasScannedForEncodings = 0;
			knownRegions = (
				en,
				Base,
			);
			mainGroup = C6B78A3B25883D21002B6F7C;
			productRefGroup = C6B78A4525883D21002B6F7C /* Products */;
			projectDirPath = "";
			projectRoot = "";
			targets = (
				C6B78A4325883D21002B6F7C /* TestTableViewGrow */,
			);
		};
/* End PBXProject section */

/* Begin PBXResourcesBuildPhase section */
		C6B78A4225883D21002B6F7C /* Resources */ = {
			isa = PBXResourcesBuildPhase;
			buildActionMask = 2147483647;
			files = (
				C6B78A5725883D24002B6F7C /* LaunchScreen.storyboard in Resources */,
				C6B78A5425883D24002B6F7C /* Assets.xcassets in Resources */,
				C6B78A5225883D21002B6F7C /* Main.storyboard in Resources */,
			);
			runOnlyForDeploymentPostprocessing = 0;
		};
/* End PBXResourcesBuildPhase section */

/* Begin PBXSourcesBuildPhase section */
		C6B78A4025883D21002B6F7C /* Sources */ = {
			isa = PBXSourcesBuildPhase;
			buildActionMask = 2147483647;
			files = (
				C6B78A4F25883D21002B6F7C /* ViewController.m in Sources */,
				C6B78A4925883D21002B6F7C /* AppDelegate.m in Sources */,
				C6B78A5A25883D24002B6F7C /* main.m in Sources */,
				C6B78A4C25883D21002B6F7C /* SceneDelegate.m in Sources */,
			);
			runOnlyForDeploymentPostprocessing = 0;
		};
/* End PBXSourcesBuildPhase section */

/* Begin PBXVariantGroup section */
		C6B78A5025883D21002B6F7C /* Main.storyboard */ = {
			isa = PBXVariantGroup;
			children = (
				C6B78A5125883D21002B6F7C /* Base */,
			);
			name = Main.storyboard;
			sourceTree = "<group>";
		};
		C6B78A5525883D24002B6F7C /* LaunchScreen.storyboard */ = {
			isa = PBXVariantGroup;
			children = (
				C6B78A5625883D24002B6F7C /* Base */,
			);
			name = LaunchScreen.storyboard;
			sourceTree = "<group>";
		};
/* End PBXVariantGroup section */

/* Begin XCBuildConfiguration section */
		C6B78A5B25883D24002B6F7C /* Debug */ = {
			isa = XCBuildConfiguration;
			buildSettings = {
				ALWAYS_SEARCH_USER_PATHS = NO;
				CLANG_ANALYZER_NONNULL = YES;
				CLANG_ANALYZER_NUMBER_OBJECT_CONVERSION = YES_AGGRESSIVE;
				CLANG_CXX_LANGUAGE_STANDARD = "gnu++14";
				CLANG_CXX_LIBRARY = "libc++";
				CLANG_ENABLE_MODULES = YES;
				CLANG_ENABLE_OBJC_ARC = YES;
				CLANG_ENABLE_OBJC_WEAK = YES;
				CLANG_WARN_BLOCK_CAPTURE_AUTORELEASING = YES;
				CLANG_WARN_BOOL_CONVERSION = YES;
				CLANG_WARN_COMMA = YES;
				CLANG_WARN_CONSTANT_CONVERSION = YES;
				CLANG_WARN_DEPRECATED_OBJC_IMPLEMENTATIONS = YES;
				CLANG_WARN_DIRECT_OBJC_ISA_USAGE = YES_ERROR;
				CLANG_WARN_DOCUMENTATION_COMMENTS = YES;
				CLANG_WARN_EMPTY_BODY = YES;
				CLANG_WARN_ENUM_CONVERSION = YES;
				CLANG_WARN_INFINITE_RECURSION = YES;
				CLANG_WARN_INT_CONVERSION = YES;
				CLANG_WARN_NON_LITERAL_NULL_CONVERSION = YES;
				CLANG_WARN_OBJC_IMPLICIT_RETAIN_SELF = YES;
				CLANG_WARN_OBJC_LITERAL_CONVERSION = YES;
				CLANG_WARN_OBJC_ROOT_CLASS = YES_ERROR;
				CLANG_WARN_QUOTED_INCLUDE_IN_FRAMEWORK_HEADER = YES;
				CLANG_WARN_RANGE_LOOP_ANALYSIS = YES;
				CLANG_WARN_STRICT_PROTOTYPES = YES;
				CLANG_WARN_SUSPICIOUS_MOVE = YES;
				CLANG_WARN_UNGUARDED_AVAILABILITY = YES_AGGRESSIVE;
				CLANG_WARN_UNREACHABLE_CODE = YES;
				CLANG_WARN__DUPLICATE_METHOD_MATCH = YES;
				COPY_PHASE_STRIP = NO;
				DEBUG_INFORMATION_FORMAT = dwarf;
				ENABLE_STRICT_OBJC_MSGSEND = YES;
				ENABLE_TESTABILITY = YES;
				GCC_C_LANGUAGE_STANDARD = gnu11;
				GCC_DYNAMIC_NO_PIC = NO;
				GCC_NO_COMMON_BLOCKS = YES;
				GCC_OPTIMIZATION_LEVEL = 0;
				GCC_PREPROCESSOR_DEFINITIONS = (
					"DEBUG=1",
					"$(inherited)",
				);
				GCC_WARN_64_TO_32_BIT_CONVERSION = YES;
				GCC_WARN_ABOUT_RETURN_TYPE = YES_ERROR;
				GCC_WARN_UNDECLARED_SELECTOR = YES;
				GCC_WARN_UNINITIALIZED_AUTOS = YES_AGGRESSIVE;
				GCC_WARN_UNUSED_FUNCTION = YES;
				GCC_WARN_UNUSED_VARIABLE = YES;
				IPHONEOS_DEPLOYMENT_TARGET = 14.2;
				MTL_ENABLE_DEBUG_INFO = INCLUDE_SOURCE;
				MTL_FAST_MATH = YES;
				ONLY_ACTIVE_ARCH = YES;
				SDKROOT = iphoneos;
			};
			name = Debug;
		};
		C6B78A5C25883D24002B6F7C /* Release */ = {
			isa = XCBuildConfiguration;
			buildSettings = {
				ALWAYS_SEARCH_USER_PATHS = NO;
				CLANG_ANALYZER_NONNULL = YES;
				CLANG_ANALYZER_NUMBER_OBJECT_CONVERSION = YES_AGGRESSIVE;
				CLANG_CXX_LANGUAGE_STANDARD = "gnu++14";
				CLANG_CXX_LIBRARY = "libc++";
				CLANG_ENABLE_MODULES = YES;
				CLANG_ENABLE_OBJC_ARC = YES;
				CLANG_ENABLE_OBJC_WEAK = YES;
				CLANG_WARN_BLOCK_CAPTURE_AUTORELEASING = YES;
				CLANG_WARN_BOOL_CONVERSION = YES;
				CLANG_WARN_COMMA = YES;
				CLANG_WARN_CONSTANT_CONVERSION = YES;
				CLANG_WARN_DEPRECATED_OBJC_IMPLEMENTATIONS = YES;
				CLANG_WARN_DIRECT_OBJC_ISA_USAGE = YES_ERROR;
				CLANG_WARN_DOCUMENTATION_COMMENTS = YES;
				CLANG_WARN_EMPTY_BODY = YES;
				CLANG_WARN_ENUM_CONVERSION = YES;
				CLANG_WARN_INFINITE_RECURSION = YES;
				CLANG_WARN_INT_CONVERSION = YES;
				CLANG_WARN_NON_LITERAL_NULL_CONVERSION = YES;
				CLANG_WARN_OBJC_IMPLICIT_RETAIN_SELF = YES;
				CLANG_WARN_OBJC_LITERAL_CONVERSION = YES;
				CLANG_WARN_OBJC_ROOT_CLASS = YES_ERROR;
				CLANG_WARN_QUOTED_INCLUDE_IN_FRAMEWORK_HEADER = YES;
				CLANG_WARN_RANGE_LOOP_ANALYSIS = YES;
				CLANG_WARN_STRICT_PROTOTYPES = YES;
				CLANG_WARN_SUSPICIOUS_MOVE = YES;
				CLANG_WARN_UNGUARDED_AVAILABILITY = YES_AGGRESSIVE;
				CLANG_WARN_UNREACHABLE_CODE = YES;
				CLANG_WARN__DUPLICATE_METHOD_MATCH = YES;
				COPY_PHASE_STRIP = NO;
				DEBUG_INFORMATION_FORMAT = "dwarf-with-dsym";
				ENABLE_NS_ASSERTIONS = NO;
				ENABLE_STRICT_OBJC_MSGSEND = YES;
				GCC_C_LANGUAGE_STANDARD = gnu11;
				GCC_NO_COMMON_BLOCKS = YES;
				GCC_WARN_64_TO_32_BIT_CONVERSION = YES;
				GCC_WARN_ABOUT_RETURN_TYPE = YES_ERROR;
				GCC_WARN_UNDECLARED_SELECTOR = YES;
				GCC_WARN_UNINITIALIZED_AUTOS = YES_AGGRESSIVE;
				GCC_WARN_UNUSED_FUNCTION = YES;
				GCC_WARN_UNUSED_VARIABLE = YES;
				IPHONEOS_DEPLOYMENT_TARGET = 14.2;
				MTL_ENABLE_DEBUG_INFO = NO;
				MTL_FAST_MATH = YES;
				SDKROOT = iphoneos;
				VALIDATE_PRODUCT = YES;
			};
			name = Release;
		};
		C6B78A5E25883D24002B6F7C /* Debug */ = {
			isa = XCBuildConfiguration;
			buildSettings = {
				ASSETCATALOG_COMPILER_APPICON_NAME = AppIcon;
				ASSETCATALOG_COMPILER_GLOBAL_ACCENT_COLOR_NAME = AccentColor;
				CODE_SIGN_STYLE = Automatic;
				DEVELOPMENT_TEAM = 9J87B48WLP;
				INFOPLIST_FILE = TestTableViewGrow/Info.plist;
				LD_RUNPATH_SEARCH_PATHS = (
					"$(inherited)",
					"@executable_path/Frameworks",
				);
				PRODUCT_BUNDLE_IDENTIFIER = brook.dinglan.TestTableViewGrow;
				PRODUCT_NAME = "$(TARGET_NAME)";
				TARGETED_DEVICE_FAMILY = "1,2";
			};
			name = Debug;
		};
		C6B78A5F25883D24002B6F7C /* Release */ = {
			isa = XCBuildConfiguration;
			buildSettings = {
				ASSETCATALOG_COMPILER_APPICON_NAME = AppIcon;
				ASSETCATALOG_COMPILER_GLOBAL_ACCENT_COLOR_NAME = AccentColor;
				CODE_SIGN_STYLE = Automatic;
				DEVELOPMENT_TEAM = 9J87B48WLP;
				INFOPLIST_FILE = TestTableViewGrow/Info.plist;
				LD_RUNPATH_SEARCH_PATHS = (
					"$(inherited)",
					"@executable_path/Frameworks",
				);
				PRODUCT_BUNDLE_IDENTIFIER = brook.dinglan.TestTableViewGrow;
				PRODUCT_NAME = "$(TARGET_NAME)";
				TARGETED_DEVICE_FAMILY = "1,2";
			};
			name = Release;
		};
/* End XCBuildConfiguration section */

/* Begin XCConfigurationList section */
		C6B78A3F25883D21002B6F7C /* Build configuration list for PBXProject "TestTableViewGrow" */ = {
			isa = XCConfigurationList;
			buildConfigurations = (
				C6B78A5B25883D24002B6F7C /* Debug */,
				C6B78A5C25883D24002B6F7C /* Release */,
			);
			defaultConfigurationIsVisible = 0;
			defaultConfigurationName = Release;
		};
		C6B78A5D25883D24002B6F7C /* Build configuration list for PBXNativeTarget "TestTableViewGrow" */ = {
			isa = XCConfigurationList;
			buildConfigurations = (
				C6B78A5E25883D24002B6F7C /* Debug */,
				C6B78A5F25883D24002B6F7C /* Release */,
			);
			defaultConfigurationIsVisible = 0;
			defaultConfigurationName = Release;
		};
/* End XCConfigurationList section */
	};
	rootObject = C6B78A3C25883D21002B6F7C /* Project object */;
}
