// !$*UTF8*$!
{
	archiveVersion = 1;
	classes = {
	};
	objectVersion = 56;
	objects = {

/* Begin PBXBuildFile section */
		84128BA42A148D6D0077CE26 /* AppDelegate.swift in Sources */ = {isa = PBXBuildFile; fileRef = 84128BA32A148D6D0077CE26 /* AppDelegate.swift */; };
		84128BA62A148D6D0077CE26 /* SceneDelegate.swift in Sources */ = {isa = PBXBuildFile; fileRef = 84128BA52A148D6D0077CE26 /* SceneDelegate.swift */; };
		84128BA82A148D6D0077CE26 /* ViewController.swift in Sources */ = {isa = PBXBuildFile; fileRef = 84128BA72A148D6D0077CE26 /* ViewController.swift */; };
		84128BAB2A148D6D0077CE26 /* Main.storyboard in Resources */ = {isa = PBXBuildFile; fileRef = 84128BA92A148D6D0077CE26 /* Main.storyboard */; };
		84128BAD2A148D6F0077CE26 /* Assets.xcassets in Resources */ = {isa = PBXBuildFile; fileRef = 84128BAC2A148D6F0077CE26 /* Assets.xcassets */; };
		84128BB02A148D6F0077CE26 /* LaunchScreen.storyboard in Resources */ = {isa = PBXBuildFile; fileRef = 84128BAE2A148D6F0077CE26 /* LaunchScreen.storyboard */; };
		84128BD02A149C770077CE26 /* pica_store_pt.bundle in Resources */ = {isa = PBXBuildFile; fileRef = 84128BCE2A149C760077CE26 /* pica_store_pt.bundle */; };
		84128BD12A149C770077CE26 /* pica_store_en.bundle in Resources */ = {isa = PBXBuildFile; fileRef = 84128BCF2A149C760077CE26 /* pica_store_en.bundle */; };
/* End PBXBuildFile section */

/* Begin PBXFileReference section */
		84128BA02A148D6D0077CE26 /* TestAdsViewController.app */ = {isa = PBXFileReference; explicitFileType = wrapper.application; includeInIndex = 0; path = TestAdsViewController.app; sourceTree = BUILT_PRODUCTS_DIR; };
		84128BA32A148D6D0077CE26 /* AppDelegate.swift */ = {isa = PBXFileReference; lastKnownFileType = sourcecode.swift; path = AppDelegate.swift; sourceTree = "<group>"; };
		84128BA52A148D6D0077CE26 /* SceneDelegate.swift */ = {isa = PBXFileReference; lastKnownFileType = sourcecode.swift; path = SceneDelegate.swift; sourceTree = "<group>"; };
		84128BA72A148D6D0077CE26 /* ViewController.swift */ = {isa = PBXFileReference; lastKnownFileType = sourcecode.swift; path = ViewController.swift; sourceTree = "<group>"; };
		84128BAA2A148D6D0077CE26 /* Base */ = {isa = PBXFileReference; lastKnownFileType = file.storyboard; name = Base; path = Base.lproj/Main.storyboard; sourceTree = "<group>"; };
		84128BAC2A148D6F0077CE26 /* Assets.xcassets */ = {isa = PBXFileReference; lastKnownFileType = folder.assetcatalog; path = Assets.xcassets; sourceTree = "<group>"; };
		84128BAF2A148D6F0077CE26 /* Base */ = {isa = PBXFileReference; lastKnownFileType = file.storyboard; name = Base; path = Base.lproj/LaunchScreen.storyboard; sourceTree = "<group>"; };
		84128BB12A148D6F0077CE26 /* Info.plist */ = {isa = PBXFileReference; lastKnownFileType = text.plist.xml; path = Info.plist; sourceTree = "<group>"; };
		84128BCE2A149C760077CE26 /* pica_store_pt.bundle */ = {isa = PBXFileReference; lastKnownFileType = "wrapper.plug-in"; path = pica_store_pt.bundle; sourceTree = "<group>"; };
		84128BCF2A149C760077CE26 /* pica_store_en.bundle */ = {isa = PBXFileReference; lastKnownFileType = "wrapper.plug-in"; path = pica_store_en.bundle; sourceTree = "<group>"; };
/* End PBXFileReference section */

/* Begin PBXFrameworksBuildPhase section */
		84128B9D2A148D6D0077CE26 /* Frameworks */ = {
			isa = PBXFrameworksBuildPhase;
			buildActionMask = 2147483647;
			files = (
			);
			runOnlyForDeploymentPostprocessing = 0;
		};
/* End PBXFrameworksBuildPhase section */

/* Begin PBXGroup section */
		84128B972A148D6D0077CE26 = {
			isa = PBXGroup;
			children = (
				84128BA22A148D6D0077CE26 /* TestAdsViewController */,
				84128BA12A148D6D0077CE26 /* Products */,
			);
			sourceTree = "<group>";
		};
		84128BA12A148D6D0077CE26 /* Products */ = {
			isa = PBXGroup;
			children = (
				84128BA02A148D6D0077CE26 /* TestAdsViewController.app */,
			);
			name = Products;
			sourceTree = "<group>";
		};
		84128BA22A148D6D0077CE26 /* TestAdsViewController */ = {
			isa = PBXGroup;
			children = (
				84128BCF2A149C760077CE26 /* pica_store_en.bundle */,
				84128BCE2A149C760077CE26 /* pica_store_pt.bundle */,
				84128BA32A148D6D0077CE26 /* AppDelegate.swift */,
				84128BA52A148D6D0077CE26 /* SceneDelegate.swift */,
				84128BA72A148D6D0077CE26 /* ViewController.swift */,
				84128BA92A148D6D0077CE26 /* Main.storyboard */,
				84128BAC2A148D6F0077CE26 /* Assets.xcassets */,
				84128BAE2A148D6F0077CE26 /* LaunchScreen.storyboard */,
				84128BB12A148D6F0077CE26 /* Info.plist */,
			);
			path = TestAdsViewController;
			sourceTree = "<group>";
		};
/* End PBXGroup section */

/* Begin PBXNativeTarget section */
		84128B9F2A148D6D0077CE26 /* TestAdsViewController */ = {
			isa = PBXNativeTarget;
			buildConfigurationList = 84128BB42A148D6F0077CE26 /* Build configuration list for PBXNativeTarget "TestAdsViewController" */;
			buildPhases = (
				84128B9C2A148D6D0077CE26 /* Sources */,
				84128B9D2A148D6D0077CE26 /* Frameworks */,
				84128B9E2A148D6D0077CE26 /* Resources */,
			);
			buildRules = (
			);
			dependencies = (
			);
			name = TestAdsViewController;
			productName = TestAdsViewController;
			productReference = 84128BA02A148D6D0077CE26 /* TestAdsViewController.app */;
			productType = "com.apple.product-type.application";
		};
/* End PBXNativeTarget section */

/* Begin PBXProject section */
		84128B982A148D6D0077CE26 /* Project object */ = {
			isa = PBXProject;
			attributes = {
				BuildIndependentTargetsInParallel = 1;
				LastSwiftUpdateCheck = 1430;
				LastUpgradeCheck = 1430;
				TargetAttributes = {
					84128B9F2A148D6D0077CE26 = {
						CreatedOnToolsVersion = 14.3;
					};
				};
			};
			buildConfigurationList = 84128B9B2A148D6D0077CE26 /* Build configuration list for PBXProject "TestAdsViewController" */;
			compatibilityVersion = "Xcode 14.0";
			developmentRegion = en;
			hasScannedForEncodings = 0;
			knownRegions = (
				en,
				Base,
			);
			mainGroup = 84128B972A148D6D0077CE26;
			productRefGroup = 84128BA12A148D6D0077CE26 /* Products */;
			projectDirPath = "";
			projectRoot = "";
			targets = (
				84128B9F2A148D6D0077CE26 /* TestAdsViewController */,
			);
		};
/* End PBXProject section */

/* Begin PBXResourcesBuildPhase section */
		84128B9E2A148D6D0077CE26 /* Resources */ = {
			isa = PBXResourcesBuildPhase;
			buildActionMask = 2147483647;
			files = (
				84128BD02A149C770077CE26 /* pica_store_pt.bundle in Resources */,
				84128BB02A148D6F0077CE26 /* LaunchScreen.storyboard in Resources */,
				84128BAD2A148D6F0077CE26 /* Assets.xcassets in Resources */,
				84128BD12A149C770077CE26 /* pica_store_en.bundle in Resources */,
				84128BAB2A148D6D0077CE26 /* Main.storyboard in Resources */,
			);
			runOnlyForDeploymentPostprocessing = 0;
		};
/* End PBXResourcesBuildPhase section */

/* Begin PBXSourcesBuildPhase section */
		84128B9C2A148D6D0077CE26 /* Sources */ = {
			isa = PBXSourcesBuildPhase;
			buildActionMask = 2147483647;
			files = (
				84128BA82A148D6D0077CE26 /* ViewController.swift in Sources */,
				84128BA42A148D6D0077CE26 /* AppDelegate.swift in Sources */,
				84128BA62A148D6D0077CE26 /* SceneDelegate.swift in Sources */,
			);
			runOnlyForDeploymentPostprocessing = 0;
		};
/* End PBXSourcesBuildPhase section */

/* Begin PBXVariantGroup section */
		84128BA92A148D6D0077CE26 /* Main.storyboard */ = {
			isa = PBXVariantGroup;
			children = (
				84128BAA2A148D6D0077CE26 /* Base */,
			);
			name = Main.storyboard;
			sourceTree = "<group>";
		};
		84128BAE2A148D6F0077CE26 /* LaunchScreen.storyboard */ = {
			isa = PBXVariantGroup;
			children = (
				84128BAF2A148D6F0077CE26 /* Base */,
			);
			name = LaunchScreen.storyboard;
			sourceTree = "<group>";
		};
/* End PBXVariantGroup section */

/* Begin XCBuildConfiguration section */
		84128BB22A148D6F0077CE26 /* Debug */ = {
			isa = XCBuildConfiguration;
			buildSettings = {
				ALWAYS_SEARCH_USER_PATHS = NO;
				CLANG_ANALYZER_NONNULL = YES;
				CLANG_ANALYZER_NUMBER_OBJECT_CONVERSION = YES_AGGRESSIVE;
				CLANG_CXX_LANGUAGE_STANDARD = "gnu++20";
				CLANG_ENABLE_MODULES = YES;
				CLANG_ENABLE_OBJC_ARC = YES;
				CLANG_ENABLE_OBJC_WEAK = YES;
				CLANG_WARN_BLOCK_CAPTURE_AUTORELEASING = YES;
				CLANG_WARN_BOOL_CONVERSION = YES;
				CLANG_WARN_COMMA = YES;
				CLANG_WARN_CONSTANT_CONVERSION = YES;
				CLANG_WARN_DEPRECATED_OBJC_IMPLEMENTATIONS = YES;
				CLANG_WARN_DIRECT_OBJC_ISA_USAGE = YES_ERROR;
				CLANG_WARN_DOCUMENTATION_COMMENTS = YES;
				CLANG_WARN_EMPTY_BODY = YES;
				CLANG_WARN_ENUM_CONVERSION = YES;
				CLANG_WARN_INFINITE_RECURSION = YES;
				CLANG_WARN_INT_CONVERSION = YES;
				CLANG_WARN_NON_LITERAL_NULL_CONVERSION = YES;
				CLANG_WARN_OBJC_IMPLICIT_RETAIN_SELF = YES;
				CLANG_WARN_OBJC_LITERAL_CONVERSION = YES;
				CLANG_WARN_OBJC_ROOT_CLASS = YES_ERROR;
				CLANG_WARN_QUOTED_INCLUDE_IN_FRAMEWORK_HEADER = YES;
				CLANG_WARN_RANGE_LOOP_ANALYSIS = YES;
				CLANG_WARN_STRICT_PROTOTYPES = YES;
				CLANG_WARN_SUSPICIOUS_MOVE = YES;
				CLANG_WARN_UNGUARDED_AVAILABILITY = YES_AGGRESSIVE;
				CLANG_WARN_UNREACHABLE_CODE = YES;
				CLANG_WARN__DUPLICATE_METHOD_MATCH = YES;
				COPY_PHASE_STRIP = NO;
				DEBUG_INFORMATION_FORMAT = dwarf;
				ENABLE_STRICT_OBJC_MSGSEND = YES;
				ENABLE_TESTABILITY = YES;
				GCC_C_LANGUAGE_STANDARD = gnu11;
				GCC_DYNAMIC_NO_PIC = NO;
				GCC_NO_COMMON_BLOCKS = YES;
				GCC_OPTIMIZATION_LEVEL = 0;
				GCC_PREPROCESSOR_DEFINITIONS = (
					"DEBUG=1",
					"$(inherited)",
				);
				GCC_WARN_64_TO_32_BIT_CONVERSION = YES;
				GCC_WARN_ABOUT_RETURN_TYPE = YES_ERROR;
				GCC_WARN_UNDECLARED_SELECTOR = YES;
				GCC_WARN_UNINITIALIZED_AUTOS = YES_AGGRESSIVE;
				GCC_WARN_UNUSED_FUNCTION = YES;
				GCC_WARN_UNUSED_VARIABLE = YES;
				IPHONEOS_DEPLOYMENT_TARGET = 16.4;
				MTL_ENABLE_DEBUG_INFO = INCLUDE_SOURCE;
				MTL_FAST_MATH = YES;
				ONLY_ACTIVE_ARCH = YES;
				SDKROOT = iphoneos;
				SWIFT_ACTIVE_COMPILATION_CONDITIONS = DEBUG;
				SWIFT_OPTIMIZATION_LEVEL = "-Onone";
			};
			name = Debug;
		};
		84128BB32A148D6F0077CE26 /* Release */ = {
			isa = XCBuildConfiguration;
			buildSettings = {
				ALWAYS_SEARCH_USER_PATHS = NO;
				CLANG_ANALYZER_NONNULL = YES;
				CLANG_ANALYZER_NUMBER_OBJECT_CONVERSION = YES_AGGRESSIVE;
				CLANG_CXX_LANGUAGE_STANDARD = "gnu++20";
				CLANG_ENABLE_MODULES = YES;
				CLANG_ENABLE_OBJC_ARC = YES;
				CLANG_ENABLE_OBJC_WEAK = YES;
				CLANG_WARN_BLOCK_CAPTURE_AUTORELEASING = YES;
				CLANG_WARN_BOOL_CONVERSION = YES;
				CLANG_WARN_COMMA = YES;
				CLANG_WARN_CONSTANT_CONVERSION = YES;
				CLANG_WARN_DEPRECATED_OBJC_IMPLEMENTATIONS = YES;
				CLANG_WARN_DIRECT_OBJC_ISA_USAGE = YES_ERROR;
				CLANG_WARN_DOCUMENTATION_COMMENTS = YES;
				CLANG_WARN_EMPTY_BODY = YES;
				CLANG_WARN_ENUM_CONVERSION = YES;
				CLANG_WARN_INFINITE_RECURSION = YES;
				CLANG_WARN_INT_CONVERSION = YES;
				CLANG_WARN_NON_LITERAL_NULL_CONVERSION = YES;
				CLANG_WARN_OBJC_IMPLICIT_RETAIN_SELF = YES;
				CLANG_WARN_OBJC_LITERAL_CONVERSION = YES;
				CLANG_WARN_OBJC_ROOT_CLASS = YES_ERROR;
				CLANG_WARN_QUOTED_INCLUDE_IN_FRAMEWORK_HEADER = YES;
				CLANG_WARN_RANGE_LOOP_ANALYSIS = YES;
				CLANG_WARN_STRICT_PROTOTYPES = YES;
				CLANG_WARN_SUSPICIOUS_MOVE = YES;
				CLANG_WARN_UNGUARDED_AVAILABILITY = YES_AGGRESSIVE;
				CLANG_WARN_UNREACHABLE_CODE = YES;
				CLANG_WARN__DUPLICATE_METHOD_MATCH = YES;
				COPY_PHASE_STRIP = NO;
				DEBUG_INFORMATION_FORMAT = "dwarf-with-dsym";
				ENABLE_NS_ASSERTIONS = NO;
				ENABLE_STRICT_OBJC_MSGSEND = YES;
				GCC_C_LANGUAGE_STANDARD = gnu11;
				GCC_NO_COMMON_BLOCKS = YES;
				GCC_WARN_64_TO_32_BIT_CONVERSION = YES;
				GCC_WARN_ABOUT_RETURN_TYPE = YES_ERROR;
				GCC_WARN_UNDECLARED_SELECTOR = YES;
				GCC_WARN_UNINITIALIZED_AUTOS = YES_AGGRESSIVE;
				GCC_WARN_UNUSED_FUNCTION = YES;
				GCC_WARN_UNUSED_VARIABLE = YES;
				IPHONEOS_DEPLOYMENT_TARGET = 16.4;
				MTL_ENABLE_DEBUG_INFO = NO;
				MTL_FAST_MATH = YES;
				SDKROOT = iphoneos;
				SWIFT_COMPILATION_MODE = wholemodule;
				SWIFT_OPTIMIZATION_LEVEL = "-O";
				VALIDATE_PRODUCT = YES;
			};
			name = Release;
		};
		84128BB52A148D6F0077CE26 /* Debug */ = {
			isa = XCBuildConfiguration;
			buildSettings = {
				ASSETCATALOG_COMPILER_APPICON_NAME = AppIcon;
				ASSETCATALOG_COMPILER_GLOBAL_ACCENT_COLOR_NAME = AccentColor;
				CODE_SIGN_STYLE = Automatic;
				CURRENT_PROJECT_VERSION = 1;
				DEVELOPMENT_TEAM = WS8S43M437;
				GENERATE_INFOPLIST_FILE = YES;
				INFOPLIST_FILE = TestAdsViewController/Info.plist;
				INFOPLIST_KEY_UIApplicationSupportsIndirectInputEvents = YES;
				INFOPLIST_KEY_UILaunchStoryboardName = LaunchScreen;
				INFOPLIST_KEY_UIMainStoryboardFile = Main;
				INFOPLIST_KEY_UISupportedInterfaceOrientations_iPad = "UIInterfaceOrientationPortrait UIInterfaceOrientationPortraitUpsideDown UIInterfaceOrientationLandscapeLeft UIInterfaceOrientationLandscapeRight";
				INFOPLIST_KEY_UISupportedInterfaceOrientations_iPhone = "UIInterfaceOrientationPortrait UIInterfaceOrientationLandscapeLeft UIInterfaceOrientationLandscapeRight";
				IPHONEOS_DEPLOYMENT_TARGET = 14.0;
				LD_RUNPATH_SEARCH_PATHS = (
					"$(inherited)",
					"@executable_path/Frameworks",
				);
				MARKETING_VERSION = 1.0;
				PRODUCT_BUNDLE_IDENTIFIER = com.unknown.yet.TestAdsViewController;
				PRODUCT_NAME = "$(TARGET_NAME)";
				SWIFT_EMIT_LOC_STRINGS = YES;
				SWIFT_VERSION = 5.0;
				TARGETED_DEVICE_FAMILY = "1,2";
			};
			name = Debug;
		};
		84128BB62A148D6F0077CE26 /* Release */ = {
			isa = XCBuildConfiguration;
			buildSettings = {
				ASSETCATALOG_COMPILER_APPICON_NAME = AppIcon;
				ASSETCATALOG_COMPILER_GLOBAL_ACCENT_COLOR_NAME = AccentColor;
				CODE_SIGN_STYLE = Automatic;
				CURRENT_PROJECT_VERSION = 1;
				DEVELOPMENT_TEAM = WS8S43M437;
				GENERATE_INFOPLIST_FILE = YES;
				INFOPLIST_FILE = TestAdsViewController/Info.plist;
				INFOPLIST_KEY_UIApplicationSupportsIndirectInputEvents = YES;
				INFOPLIST_KEY_UILaunchStoryboardName = LaunchScreen;
				INFOPLIST_KEY_UIMainStoryboardFile = Main;
				INFOPLIST_KEY_UISupportedInterfaceOrientations_iPad = "UIInterfaceOrientationPortrait UIInterfaceOrientationPortraitUpsideDown UIInterfaceOrientationLandscapeLeft UIInterfaceOrientationLandscapeRight";
				INFOPLIST_KEY_UISupportedInterfaceOrientations_iPhone = "UIInterfaceOrientationPortrait UIInterfaceOrientationLandscapeLeft UIInterfaceOrientationLandscapeRight";
				IPHONEOS_DEPLOYMENT_TARGET = 14.0;
				LD_RUNPATH_SEARCH_PATHS = (
					"$(inherited)",
					"@executable_path/Frameworks",
				);
				MARKETING_VERSION = 1.0;
				PRODUCT_BUNDLE_IDENTIFIER = com.unknown.yet.TestAdsViewController;
				PRODUCT_NAME = "$(TARGET_NAME)";
				SWIFT_EMIT_LOC_STRINGS = YES;
				SWIFT_VERSION = 5.0;
				TARGETED_DEVICE_FAMILY = "1,2";
			};
			name = Release;
		};
/* End XCBuildConfiguration section */

/* Begin XCConfigurationList section */
		84128B9B2A148D6D0077CE26 /* Build configuration list for PBXProject "TestAdsViewController" */ = {
			isa = XCConfigurationList;
			buildConfigurations = (
				84128BB22A148D6F0077CE26 /* Debug */,
				84128BB32A148D6F0077CE26 /* Release */,
			);
			defaultConfigurationIsVisible = 0;
			defaultConfigurationName = Release;
		};
		84128BB42A148D6F0077CE26 /* Build configuration list for PBXNativeTarget "TestAdsViewController" */ = {
			isa = XCConfigurationList;
			buildConfigurations = (
				84128BB52A148D6F0077CE26 /* Debug */,
				84128BB62A148D6F0077CE26 /* Release */,
			);
			defaultConfigurationIsVisible = 0;
			defaultConfigurationName = Release;
		};
/* End XCConfigurationList section */
	};
	rootObject = 84128B982A148D6D0077CE26 /* Project object */;
}
