// !$*UTF8*$!
{
	archiveVersion = 1;
	classes = {
	};
	objectVersion = 55;
	objects = {

/* Begin PBXBuildFile section */
		8EAE847A22DE7B144C17C879 /* Pods_TestRxSwift.framework in Frameworks */ = {isa = PBXBuildFile; fileRef = 27FF587053EDDE75FD0AD902 /* Pods_TestRxSwift.framework */; };
		94CF652728F90C9100AF2CAA /* AppDelegate.swift in Sources */ = {isa = PBXBuildFile; fileRef = 94CF652628F90C9100AF2CAA /* AppDelegate.swift */; };
		94CF652928F90C9100AF2CAA /* SceneDelegate.swift in Sources */ = {isa = PBXBuildFile; fileRef = 94CF652828F90C9100AF2CAA /* SceneDelegate.swift */; };
		94CF652B28F90C9100AF2CAA /* ViewController.swift in Sources */ = {isa = PBXBuildFile; fileRef = 94CF652A28F90C9100AF2CAA /* ViewController.swift */; };
		94CF652E28F90C9100AF2CAA /* Main.storyboard in Resources */ = {isa = PBXBuildFile; fileRef = 94CF652C28F90C9100AF2CAA /* Main.storyboard */; };
		94CF653028F90C9200AF2CAA /* Assets.xcassets in Resources */ = {isa = PBXBuildFile; fileRef = 94CF652F28F90C9200AF2CAA /* Assets.xcassets */; };
		94CF653328F90C9200AF2CAA /* LaunchScreen.storyboard in Resources */ = {isa = PBXBuildFile; fileRef = 94CF653128F90C9200AF2CAA /* LaunchScreen.storyboard */; };
		94CF653B28F9484F00AF2CAA /* RxDemoViewController.swift in Sources */ = {isa = PBXBuildFile; fileRef = 94CF653A28F9484F00AF2CAA /* RxDemoViewController.swift */; };
		94CF653D28F94C3F00AF2CAA /* Util.swift in Sources */ = {isa = PBXBuildFile; fileRef = 94CF653C28F94C3F00AF2CAA /* Util.swift */; };
		94CF653F28F94D3D00AF2CAA /* RxObservableType.swift in Sources */ = {isa = PBXBuildFile; fileRef = 94CF653E28F94D3D00AF2CAA /* RxObservableType.swift */; };
/* End PBXBuildFile section */

/* Begin PBXFileReference section */
		27FF587053EDDE75FD0AD902 /* Pods_TestRxSwift.framework */ = {isa = PBXFileReference; explicitFileType = wrapper.framework; includeInIndex = 0; path = Pods_TestRxSwift.framework; sourceTree = BUILT_PRODUCTS_DIR; };
		94CF652328F90C9100AF2CAA /* TestRxSwift.app */ = {isa = PBXFileReference; explicitFileType = wrapper.application; includeInIndex = 0; path = TestRxSwift.app; sourceTree = BUILT_PRODUCTS_DIR; };
		94CF652628F90C9100AF2CAA /* AppDelegate.swift */ = {isa = PBXFileReference; lastKnownFileType = sourcecode.swift; path = AppDelegate.swift; sourceTree = "<group>"; };
		94CF652828F90C9100AF2CAA /* SceneDelegate.swift */ = {isa = PBXFileReference; lastKnownFileType = sourcecode.swift; path = SceneDelegate.swift; sourceTree = "<group>"; };
		94CF652A28F90C9100AF2CAA /* ViewController.swift */ = {isa = PBXFileReference; lastKnownFileType = sourcecode.swift; path = ViewController.swift; sourceTree = "<group>"; };
		94CF652D28F90C9100AF2CAA /* Base */ = {isa = PBXFileReference; lastKnownFileType = file.storyboard; name = Base; path = Base.lproj/Main.storyboard; sourceTree = "<group>"; };
		94CF652F28F90C9200AF2CAA /* Assets.xcassets */ = {isa = PBXFileReference; lastKnownFileType = folder.assetcatalog; path = Assets.xcassets; sourceTree = "<group>"; };
		94CF653228F90C9200AF2CAA /* Base */ = {isa = PBXFileReference; lastKnownFileType = file.storyboard; name = Base; path = Base.lproj/LaunchScreen.storyboard; sourceTree = "<group>"; };
		94CF653428F90C9200AF2CAA /* Info.plist */ = {isa = PBXFileReference; lastKnownFileType = text.plist.xml; path = Info.plist; sourceTree = "<group>"; };
		94CF653A28F9484F00AF2CAA /* RxDemoViewController.swift */ = {isa = PBXFileReference; lastKnownFileType = sourcecode.swift; path = RxDemoViewController.swift; sourceTree = "<group>"; };
		94CF653C28F94C3F00AF2CAA /* Util.swift */ = {isa = PBXFileReference; lastKnownFileType = sourcecode.swift; path = Util.swift; sourceTree = "<group>"; };
		94CF653E28F94D3D00AF2CAA /* RxObservableType.swift */ = {isa = PBXFileReference; lastKnownFileType = sourcecode.swift; path = RxObservableType.swift; sourceTree = "<group>"; };
		C6F0CF4ADE2D9939659A8E3C /* Pods-TestRxSwift.debug.xcconfig */ = {isa = PBXFileReference; includeInIndex = 1; lastKnownFileType = text.xcconfig; name = "Pods-TestRxSwift.debug.xcconfig"; path = "Target Support Files/Pods-TestRxSwift/Pods-TestRxSwift.debug.xcconfig"; sourceTree = "<group>"; };
		FEC35E516B6ECE6D7A47AF55 /* Pods-TestRxSwift.release.xcconfig */ = {isa = PBXFileReference; includeInIndex = 1; lastKnownFileType = text.xcconfig; name = "Pods-TestRxSwift.release.xcconfig"; path = "Target Support Files/Pods-TestRxSwift/Pods-TestRxSwift.release.xcconfig"; sourceTree = "<group>"; };
/* End PBXFileReference section */

/* Begin PBXFrameworksBuildPhase section */
		94CF652028F90C9100AF2CAA /* Frameworks */ = {
			isa = PBXFrameworksBuildPhase;
			buildActionMask = 2147483647;
			files = (
				8EAE847A22DE7B144C17C879 /* Pods_TestRxSwift.framework in Frameworks */,
			);
			runOnlyForDeploymentPostprocessing = 0;
		};
/* End PBXFrameworksBuildPhase section */

/* Begin PBXGroup section */
		94CF651A28F90C9100AF2CAA = {
			isa = PBXGroup;
			children = (
				94CF652528F90C9100AF2CAA /* TestRxSwift */,
				94CF652428F90C9100AF2CAA /* Products */,
				CCC70DC771EE15600FB062FC /* Pods */,
				EFC7845328368D538EA9B095 /* Frameworks */,
			);
			indentWidth = 2;
			sourceTree = "<group>";
			tabWidth = 2;
		};
		94CF652428F90C9100AF2CAA /* Products */ = {
			isa = PBXGroup;
			children = (
				94CF652328F90C9100AF2CAA /* TestRxSwift.app */,
			);
			name = Products;
			sourceTree = "<group>";
		};
		94CF652528F90C9100AF2CAA /* TestRxSwift */ = {
			isa = PBXGroup;
			children = (
				94CF652628F90C9100AF2CAA /* AppDelegate.swift */,
				94CF652828F90C9100AF2CAA /* SceneDelegate.swift */,
				94CF652A28F90C9100AF2CAA /* ViewController.swift */,
				94CF653A28F9484F00AF2CAA /* RxDemoViewController.swift */,
				94CF653E28F94D3D00AF2CAA /* RxObservableType.swift */,
				94CF653C28F94C3F00AF2CAA /* Util.swift */,
				94CF652C28F90C9100AF2CAA /* Main.storyboard */,
				94CF652F28F90C9200AF2CAA /* Assets.xcassets */,
				94CF653128F90C9200AF2CAA /* LaunchScreen.storyboard */,
				94CF653428F90C9200AF2CAA /* Info.plist */,
			);
			path = TestRxSwift;
			sourceTree = "<group>";
		};
		CCC70DC771EE15600FB062FC /* Pods */ = {
			isa = PBXGroup;
			children = (
				C6F0CF4ADE2D9939659A8E3C /* Pods-TestRxSwift.debug.xcconfig */,
				FEC35E516B6ECE6D7A47AF55 /* Pods-TestRxSwift.release.xcconfig */,
			);
			path = Pods;
			sourceTree = "<group>";
		};
		EFC7845328368D538EA9B095 /* Frameworks */ = {
			isa = PBXGroup;
			children = (
				27FF587053EDDE75FD0AD902 /* Pods_TestRxSwift.framework */,
			);
			name = Frameworks;
			sourceTree = "<group>";
		};
/* End PBXGroup section */

/* Begin PBXNativeTarget section */
		94CF652228F90C9100AF2CAA /* TestRxSwift */ = {
			isa = PBXNativeTarget;
			buildConfigurationList = 94CF653728F90C9200AF2CAA /* Build configuration list for PBXNativeTarget "TestRxSwift" */;
			buildPhases = (
				3D37EC79C7827F62FC1B48A8 /* [CP] Check Pods Manifest.lock */,
				94CF651F28F90C9100AF2CAA /* Sources */,
				94CF652028F90C9100AF2CAA /* Frameworks */,
				94CF652128F90C9100AF2CAA /* Resources */,
				2E3798EB4D7E3EF4C5747456 /* [CP] Embed Pods Frameworks */,
			);
			buildRules = (
			);
			dependencies = (
			);
			name = TestRxSwift;
			productName = TestRxSwift;
			productReference = 94CF652328F90C9100AF2CAA /* TestRxSwift.app */;
			productType = "com.apple.product-type.application";
		};
/* End PBXNativeTarget section */

/* Begin PBXProject section */
		94CF651B28F90C9100AF2CAA /* Project object */ = {
			isa = PBXProject;
			attributes = {
				BuildIndependentTargetsInParallel = 1;
				LastSwiftUpdateCheck = 1400;
				LastUpgradeCheck = 1400;
				TargetAttributes = {
					94CF652228F90C9100AF2CAA = {
						CreatedOnToolsVersion = 14.0;
					};
				};
			};
			buildConfigurationList = 94CF651E28F90C9100AF2CAA /* Build configuration list for PBXProject "TestRxSwift" */;
			compatibilityVersion = "Xcode 13.0";
			developmentRegion = en;
			hasScannedForEncodings = 0;
			knownRegions = (
				en,
				Base,
			);
			mainGroup = 94CF651A28F90C9100AF2CAA;
			productRefGroup = 94CF652428F90C9100AF2CAA /* Products */;
			projectDirPath = "";
			projectRoot = "";
			targets = (
				94CF652228F90C9100AF2CAA /* TestRxSwift */,
			);
		};
/* End PBXProject section */

/* Begin PBXResourcesBuildPhase section */
		94CF652128F90C9100AF2CAA /* Resources */ = {
			isa = PBXResourcesBuildPhase;
			buildActionMask = 2147483647;
			files = (
				94CF653328F90C9200AF2CAA /* LaunchScreen.storyboard in Resources */,
				94CF653028F90C9200AF2CAA /* Assets.xcassets in Resources */,
				94CF652E28F90C9100AF2CAA /* Main.storyboard in Resources */,
			);
			runOnlyForDeploymentPostprocessing = 0;
		};
/* End PBXResourcesBuildPhase section */

/* Begin PBXShellScriptBuildPhase section */
		2E3798EB4D7E3EF4C5747456 /* [CP] Embed Pods Frameworks */ = {
			isa = PBXShellScriptBuildPhase;
			buildActionMask = 2147483647;
			files = (
			);
			inputFileListPaths = (
				"${PODS_ROOT}/Target Support Files/Pods-TestRxSwift/Pods-TestRxSwift-frameworks-${CONFIGURATION}-input-files.xcfilelist",
			);
			name = "[CP] Embed Pods Frameworks";
			outputFileListPaths = (
				"${PODS_ROOT}/Target Support Files/Pods-TestRxSwift/Pods-TestRxSwift-frameworks-${CONFIGURATION}-output-files.xcfilelist",
			);
			runOnlyForDeploymentPostprocessing = 0;
			shellPath = /bin/sh;
			shellScript = "\"${PODS_ROOT}/Target Support Files/Pods-TestRxSwift/Pods-TestRxSwift-frameworks.sh\"\n";
			showEnvVarsInLog = 0;
		};
		3D37EC79C7827F62FC1B48A8 /* [CP] Check Pods Manifest.lock */ = {
			isa = PBXShellScriptBuildPhase;
			buildActionMask = 2147483647;
			files = (
			);
			inputFileListPaths = (
			);
			inputPaths = (
				"${PODS_PODFILE_DIR_PATH}/Podfile.lock",
				"${PODS_ROOT}/Manifest.lock",
			);
			name = "[CP] Check Pods Manifest.lock";
			outputFileListPaths = (
			);
			outputPaths = (
				"$(DERIVED_FILE_DIR)/Pods-TestRxSwift-checkManifestLockResult.txt",
			);
			runOnlyForDeploymentPostprocessing = 0;
			shellPath = /bin/sh;
			shellScript = "diff \"${PODS_PODFILE_DIR_PATH}/Podfile.lock\" \"${PODS_ROOT}/Manifest.lock\" > /dev/null\nif [ $? != 0 ] ; then\n    # print error to STDERR\n    echo \"error: The sandbox is not in sync with the Podfile.lock. Run 'pod install' or update your CocoaPods installation.\" >&2\n    exit 1\nfi\n# This output is used by Xcode 'outputs' to avoid re-running this script phase.\necho \"SUCCESS\" > \"${SCRIPT_OUTPUT_FILE_0}\"\n";
			showEnvVarsInLog = 0;
		};
/* End PBXShellScriptBuildPhase section */

/* Begin PBXSourcesBuildPhase section */
		94CF651F28F90C9100AF2CAA /* Sources */ = {
			isa = PBXSourcesBuildPhase;
			buildActionMask = 2147483647;
			files = (
				94CF652B28F90C9100AF2CAA /* ViewController.swift in Sources */,
				94CF652728F90C9100AF2CAA /* AppDelegate.swift in Sources */,
				94CF653F28F94D3D00AF2CAA /* RxObservableType.swift in Sources */,
				94CF653D28F94C3F00AF2CAA /* Util.swift in Sources */,
				94CF653B28F9484F00AF2CAA /* RxDemoViewController.swift in Sources */,
				94CF652928F90C9100AF2CAA /* SceneDelegate.swift in Sources */,
			);
			runOnlyForDeploymentPostprocessing = 0;
		};
/* End PBXSourcesBuildPhase section */

/* Begin PBXVariantGroup section */
		94CF652C28F90C9100AF2CAA /* Main.storyboard */ = {
			isa = PBXVariantGroup;
			children = (
				94CF652D28F90C9100AF2CAA /* Base */,
			);
			name = Main.storyboard;
			sourceTree = "<group>";
		};
		94CF653128F90C9200AF2CAA /* LaunchScreen.storyboard */ = {
			isa = PBXVariantGroup;
			children = (
				94CF653228F90C9200AF2CAA /* Base */,
			);
			name = LaunchScreen.storyboard;
			sourceTree = "<group>";
		};
/* End PBXVariantGroup section */

/* Begin XCBuildConfiguration section */
		94CF653528F90C9200AF2CAA /* Debug */ = {
			isa = XCBuildConfiguration;
			buildSettings = {
				ALWAYS_SEARCH_USER_PATHS = NO;
				CLANG_ANALYZER_NONNULL = YES;
				CLANG_ANALYZER_NUMBER_OBJECT_CONVERSION = YES_AGGRESSIVE;
				CLANG_CXX_LANGUAGE_STANDARD = "gnu++20";
				CLANG_ENABLE_MODULES = YES;
				CLANG_ENABLE_OBJC_ARC = YES;
				CLANG_ENABLE_OBJC_WEAK = YES;
				CLANG_WARN_BLOCK_CAPTURE_AUTORELEASING = YES;
				CLANG_WARN_BOOL_CONVERSION = YES;
				CLANG_WARN_COMMA = YES;
				CLANG_WARN_CONSTANT_CONVERSION = YES;
				CLANG_WARN_DEPRECATED_OBJC_IMPLEMENTATIONS = YES;
				CLANG_WARN_DIRECT_OBJC_ISA_USAGE = YES_ERROR;
				CLANG_WARN_DOCUMENTATION_COMMENTS = YES;
				CLANG_WARN_EMPTY_BODY = YES;
				CLANG_WARN_ENUM_CONVERSION = YES;
				CLANG_WARN_INFINITE_RECURSION = YES;
				CLANG_WARN_INT_CONVERSION = YES;
				CLANG_WARN_NON_LITERAL_NULL_CONVERSION = YES;
				CLANG_WARN_OBJC_IMPLICIT_RETAIN_SELF = YES;
				CLANG_WARN_OBJC_LITERAL_CONVERSION = YES;
				CLANG_WARN_OBJC_ROOT_CLASS = YES_ERROR;
				CLANG_WARN_QUOTED_INCLUDE_IN_FRAMEWORK_HEADER = YES;
				CLANG_WARN_RANGE_LOOP_ANALYSIS = YES;
				CLANG_WARN_STRICT_PROTOTYPES = YES;
				CLANG_WARN_SUSPICIOUS_MOVE = YES;
				CLANG_WARN_UNGUARDED_AVAILABILITY = YES_AGGRESSIVE;
				CLANG_WARN_UNREACHABLE_CODE = YES;
				CLANG_WARN__DUPLICATE_METHOD_MATCH = YES;
				COPY_PHASE_STRIP = NO;
				DEBUG_INFORMATION_FORMAT = dwarf;
				ENABLE_STRICT_OBJC_MSGSEND = YES;
				ENABLE_TESTABILITY = YES;
				GCC_C_LANGUAGE_STANDARD = gnu11;
				GCC_DYNAMIC_NO_PIC = NO;
				GCC_NO_COMMON_BLOCKS = YES;
				GCC_OPTIMIZATION_LEVEL = 0;
				GCC_PREPROCESSOR_DEFINITIONS = (
					"DEBUG=1",
					"$(inherited)",
				);
				GCC_WARN_64_TO_32_BIT_CONVERSION = YES;
				GCC_WARN_ABOUT_RETURN_TYPE = YES_ERROR;
				GCC_WARN_UNDECLARED_SELECTOR = YES;
				GCC_WARN_UNINITIALIZED_AUTOS = YES_AGGRESSIVE;
				GCC_WARN_UNUSED_FUNCTION = YES;
				GCC_WARN_UNUSED_VARIABLE = YES;
				IPHONEOS_DEPLOYMENT_TARGET = 16.0;
				MTL_ENABLE_DEBUG_INFO = INCLUDE_SOURCE;
				MTL_FAST_MATH = YES;
				ONLY_ACTIVE_ARCH = YES;
				SDKROOT = iphoneos;
				SWIFT_ACTIVE_COMPILATION_CONDITIONS = DEBUG;
				SWIFT_OPTIMIZATION_LEVEL = "-Onone";
			};
			name = Debug;
		};
		94CF653628F90C9200AF2CAA /* Release */ = {
			isa = XCBuildConfiguration;
			buildSettings = {
				ALWAYS_SEARCH_USER_PATHS = NO;
				CLANG_ANALYZER_NONNULL = YES;
				CLANG_ANALYZER_NUMBER_OBJECT_CONVERSION = YES_AGGRESSIVE;
				CLANG_CXX_LANGUAGE_STANDARD = "gnu++20";
				CLANG_ENABLE_MODULES = YES;
				CLANG_ENABLE_OBJC_ARC = YES;
				CLANG_ENABLE_OBJC_WEAK = YES;
				CLANG_WARN_BLOCK_CAPTURE_AUTORELEASING = YES;
				CLANG_WARN_BOOL_CONVERSION = YES;
				CLANG_WARN_COMMA = YES;
				CLANG_WARN_CONSTANT_CONVERSION = YES;
				CLANG_WARN_DEPRECATED_OBJC_IMPLEMENTATIONS = YES;
				CLANG_WARN_DIRECT_OBJC_ISA_USAGE = YES_ERROR;
				CLANG_WARN_DOCUMENTATION_COMMENTS = YES;
				CLANG_WARN_EMPTY_BODY = YES;
				CLANG_WARN_ENUM_CONVERSION = YES;
				CLANG_WARN_INFINITE_RECURSION = YES;
				CLANG_WARN_INT_CONVERSION = YES;
				CLANG_WARN_NON_LITERAL_NULL_CONVERSION = YES;
				CLANG_WARN_OBJC_IMPLICIT_RETAIN_SELF = YES;
				CLANG_WARN_OBJC_LITERAL_CONVERSION = YES;
				CLANG_WARN_OBJC_ROOT_CLASS = YES_ERROR;
				CLANG_WARN_QUOTED_INCLUDE_IN_FRAMEWORK_HEADER = YES;
				CLANG_WARN_RANGE_LOOP_ANALYSIS = YES;
				CLANG_WARN_STRICT_PROTOTYPES = YES;
				CLANG_WARN_SUSPICIOUS_MOVE = YES;
				CLANG_WARN_UNGUARDED_AVAILABILITY = YES_AGGRESSIVE;
				CLANG_WARN_UNREACHABLE_CODE = YES;
				CLANG_WARN__DUPLICATE_METHOD_MATCH = YES;
				COPY_PHASE_STRIP = NO;
				DEBUG_INFORMATION_FORMAT = "dwarf-with-dsym";
				ENABLE_NS_ASSERTIONS = NO;
				ENABLE_STRICT_OBJC_MSGSEND = YES;
				GCC_C_LANGUAGE_STANDARD = gnu11;
				GCC_NO_COMMON_BLOCKS = YES;
				GCC_WARN_64_TO_32_BIT_CONVERSION = YES;
				GCC_WARN_ABOUT_RETURN_TYPE = YES_ERROR;
				GCC_WARN_UNDECLARED_SELECTOR = YES;
				GCC_WARN_UNINITIALIZED_AUTOS = YES_AGGRESSIVE;
				GCC_WARN_UNUSED_FUNCTION = YES;
				GCC_WARN_UNUSED_VARIABLE = YES;
				IPHONEOS_DEPLOYMENT_TARGET = 16.0;
				MTL_ENABLE_DEBUG_INFO = NO;
				MTL_FAST_MATH = YES;
				SDKROOT = iphoneos;
				SWIFT_COMPILATION_MODE = wholemodule;
				SWIFT_OPTIMIZATION_LEVEL = "-O";
				VALIDATE_PRODUCT = YES;
			};
			name = Release;
		};
		94CF653828F90C9200AF2CAA /* Debug */ = {
			isa = XCBuildConfiguration;
			baseConfigurationReference = C6F0CF4ADE2D9939659A8E3C /* Pods-TestRxSwift.debug.xcconfig */;
			buildSettings = {
				ASSETCATALOG_COMPILER_APPICON_NAME = AppIcon;
				ASSETCATALOG_COMPILER_GLOBAL_ACCENT_COLOR_NAME = AccentColor;
				CODE_SIGN_STYLE = Automatic;
				CURRENT_PROJECT_VERSION = 1;
				DEVELOPMENT_TEAM = WS8S43M437;
				GENERATE_INFOPLIST_FILE = YES;
				INFOPLIST_FILE = TestRxSwift/Info.plist;
				INFOPLIST_KEY_UIApplicationSupportsIndirectInputEvents = YES;
				INFOPLIST_KEY_UILaunchStoryboardName = LaunchScreen;
				INFOPLIST_KEY_UIMainStoryboardFile = Main;
				INFOPLIST_KEY_UISupportedInterfaceOrientations_iPad = "UIInterfaceOrientationPortrait UIInterfaceOrientationPortraitUpsideDown UIInterfaceOrientationLandscapeLeft UIInterfaceOrientationLandscapeRight";
				INFOPLIST_KEY_UISupportedInterfaceOrientations_iPhone = "UIInterfaceOrientationPortrait UIInterfaceOrientationLandscapeLeft UIInterfaceOrientationLandscapeRight";
				IPHONEOS_DEPLOYMENT_TARGET = 13.0;
				LD_RUNPATH_SEARCH_PATHS = (
					"$(inherited)",
					"@executable_path/Frameworks",
				);
				MARKETING_VERSION = 1.0;
				PRODUCT_BUNDLE_IDENTIFIER = com.beforeold.TestRxSwift;
				PRODUCT_NAME = "$(TARGET_NAME)";
				SWIFT_EMIT_LOC_STRINGS = YES;
				SWIFT_VERSION = 5.0;
				TARGETED_DEVICE_FAMILY = "1,2";
			};
			name = Debug;
		};
		94CF653928F90C9200AF2CAA /* Release */ = {
			isa = XCBuildConfiguration;
			baseConfigurationReference = FEC35E516B6ECE6D7A47AF55 /* Pods-TestRxSwift.release.xcconfig */;
			buildSettings = {
				ASSETCATALOG_COMPILER_APPICON_NAME = AppIcon;
				ASSETCATALOG_COMPILER_GLOBAL_ACCENT_COLOR_NAME = AccentColor;
				CODE_SIGN_STYLE = Automatic;
				CURRENT_PROJECT_VERSION = 1;
				DEVELOPMENT_TEAM = WS8S43M437;
				GENERATE_INFOPLIST_FILE = YES;
				INFOPLIST_FILE = TestRxSwift/Info.plist;
				INFOPLIST_KEY_UIApplicationSupportsIndirectInputEvents = YES;
				INFOPLIST_KEY_UILaunchStoryboardName = LaunchScreen;
				INFOPLIST_KEY_UIMainStoryboardFile = Main;
				INFOPLIST_KEY_UISupportedInterfaceOrientations_iPad = "UIInterfaceOrientationPortrait UIInterfaceOrientationPortraitUpsideDown UIInterfaceOrientationLandscapeLeft UIInterfaceOrientationLandscapeRight";
				INFOPLIST_KEY_UISupportedInterfaceOrientations_iPhone = "UIInterfaceOrientationPortrait UIInterfaceOrientationLandscapeLeft UIInterfaceOrientationLandscapeRight";
				IPHONEOS_DEPLOYMENT_TARGET = 13.0;
				LD_RUNPATH_SEARCH_PATHS = (
					"$(inherited)",
					"@executable_path/Frameworks",
				);
				MARKETING_VERSION = 1.0;
				PRODUCT_BUNDLE_IDENTIFIER = com.beforeold.TestRxSwift;
				PRODUCT_NAME = "$(TARGET_NAME)";
				SWIFT_EMIT_LOC_STRINGS = YES;
				SWIFT_VERSION = 5.0;
				TARGETED_DEVICE_FAMILY = "1,2";
			};
			name = Release;
		};
/* End XCBuildConfiguration section */

/* Begin XCConfigurationList section */
		94CF651E28F90C9100AF2CAA /* Build configuration list for PBXProject "TestRxSwift" */ = {
			isa = XCConfigurationList;
			buildConfigurations = (
				94CF653528F90C9200AF2CAA /* Debug */,
				94CF653628F90C9200AF2CAA /* Release */,
			);
			defaultConfigurationIsVisible = 0;
			defaultConfigurationName = Release;
		};
		94CF653728F90C9200AF2CAA /* Build configuration list for PBXNativeTarget "TestRxSwift" */ = {
			isa = XCConfigurationList;
			buildConfigurations = (
				94CF653828F90C9200AF2CAA /* Debug */,
				94CF653928F90C9200AF2CAA /* Release */,
			);
			defaultConfigurationIsVisible = 0;
			defaultConfigurationName = Release;
		};
/* End XCConfigurationList section */
	};
	rootObject = 94CF651B28F90C9100AF2CAA /* Project object */;
}
